
Microsoft Visual Studio Solution File, Format Version 12.00
# Visual Studio Version 16
VisualStudioVersion = 16.0.29509.3
MinimumVisualStudioVersion = 10.0.40219.1
Project("{9A19103F-16F7-4668-BE54-9A1E7A4F7556}") = "Task01", "Task01\Task01.csproj", "{EA156FFA-99B3-4686-97EE-D24F2A6F73D7}"
EndProject
Project("{FAE04EC0-301F-11D3-BF4B-00C04F79EFBC}") = "BookTests", "BookTests\BookTests.csproj", "{2DF1A1DF-5CA0-4F00-B1E7-92B9F9D78491}"
EndProject
Global
	GlobalSection(SolutionConfigurationPlatforms) = preSolution
		Debug|Any CPU = Debug|Any CPU
		Release|Any CPU = Release|Any CPU
	EndGlobalSection
	GlobalSection(ProjectConfigurationPlatforms) = postSolution
		{EA156FFA-99B3-4686-97EE-D24F2A6F73D7}.Debug|Any CPU.ActiveCfg = Debug|Any CPU
		{EA156FFA-99B3-4686-97EE-D24F2A6F73D7}.Debug|Any CPU.Build.0 = Debug|Any CPU
		{EA156FFA-99B3-4686-97EE-D24F2A6F73D7}.Release|Any CPU.ActiveCfg = Release|Any CPU
		{EA156FFA-99B3-4686-97EE-D24F2A6F73D7}.Release|Any CPU.Build.0 = Release|Any CPU
		{2DF1A1DF-5CA0-4F00-B1E7-92B9F9D78491}.Debug|Any CPU.ActiveCfg = Debug|Any CPU
		{2DF1A1DF-5CA0-4F00-B1E7-92B9F9D78491}.Debug|Any CPU.Build.0 = Debug|Any CPU
		{2DF1A1DF-5CA0-4F00-B1E7-92B9F9D78491}.Release|Any CPU.ActiveCfg = Release|Any CPU
		{2DF1A1DF-5CA0-4F00-B1E7-92B9F9D78491}.Release|Any CPU.Build.0 = Release|Any CPU
	EndGlobalSection
	GlobalSection(SolutionProperties) = preSolution
		HideSolutionNode = FALSE
	EndGlobalSection
	GlobalSection(ExtensibilityGlobals) = postSolution
		SolutionGuid = {625EB5F3-D91F-408D-B0D5-15FF8360F44D}
	EndGlobalSection
EndGlobal
