
Microsoft Visual Studio Solution File, Format Version 12.00
# Visual Studio Version 16
VisualStudioVersion = 16.0.29509.3
MinimumVisualStudioVersion = 10.0.40219.1
Project("{FAE04EC0-301F-11D3-BF4B-00C04F79EFBC}") = "Task05", "Task05\Task05.csproj", "{0031AF1E-822C-49B3-975B-1C4A6FBF535F}"
EndProject
Project("{FAE04EC0-301F-11D3-BF4B-00C04F79EFBC}") = "JaggedArrayTests", "JaggedArrayTests\JaggedArrayTests.csproj", "{6F4EF161-A8B0-4BA5-A448-580F1EDB3045}"
EndProject
Global
	GlobalSection(SolutionConfigurationPlatforms) = preSolution
		Debug|Any CPU = Debug|Any CPU
		Release|Any CPU = Release|Any CPU
	EndGlobalSection
	GlobalSection(ProjectConfigurationPlatforms) = postSolution
		{0031AF1E-822C-49B3-975B-1C4A6FBF535F}.Debug|Any CPU.ActiveCfg = Debug|Any CPU
		{0031AF1E-822C-49B3-975B-1C4A6FBF535F}.Debug|Any CPU.Build.0 = Debug|Any CPU
		{0031AF1E-822C-49B3-975B-1C4A6FBF535F}.Release|Any CPU.ActiveCfg = Release|Any CPU
		{0031AF1E-822C-49B3-975B-1C4A6FBF535F}.Release|Any CPU.Build.0 = Release|Any CPU
		{6F4EF161-A8B0-4BA5-A448-580F1EDB3045}.Debug|Any CPU.ActiveCfg = Debug|Any CPU
		{6F4EF161-A8B0-4BA5-A448-580F1EDB3045}.Debug|Any CPU.Build.0 = Debug|Any CPU
		{6F4EF161-A8B0-4BA5-A448-580F1EDB3045}.Release|Any CPU.ActiveCfg = Release|Any CPU
		{6F4EF161-A8B0-4BA5-A448-580F1EDB3045}.Release|Any CPU.Build.0 = Release|Any CPU
	EndGlobalSection
	GlobalSection(SolutionProperties) = preSolution
		HideSolutionNode = FALSE
	EndGlobalSection
	GlobalSection(ExtensibilityGlobals) = postSolution
		SolutionGuid = {C780B025-2EFD-4884-B644-D636DB6A8865}
	EndGlobalSection
EndGlobal
